{
  "version": 4,
  "terraform_version": "1.11.4",
  "serial": 2,
  "lineage": "8af19634-ba69-bf18-5c14-974efe0a3b32",
  "outputs": {
    "availability_zone": {
      "value": "us-east-1a",
      "type": "string"
    },
    "public_dns": {
      "value": "ec2-54-197-28-98.compute-1.amazonaws.com",
      "type": "string"
    },
    "public_ip": {
      "value": "54.197.28.98",
      "type": "string"
    }
  },
  "resources": [
    {
      "mode": "data",
      "type": "aws_key_pair",
      "name": "existing_key",
      "provider": "provider[\"registry.terraform.io/hashicorp/aws\"]",
      "instances": [
        {
          "schema_version": 0,
          "attributes": {
            "arn": "arn:aws:ec2:us-east-1:752651630425:key-pair/andresc-bextsa",
            "create_time": "2024-10-18T15:29:29Z",
            "filter": null,
            "fingerprint": "30:d5:86:63:23:03:3c:54:e0:f8:7a:62:f8:5f:8c:34:f7:42:7e:bf",
            "id": "key-0551ca541d28105d2",
            "include_public_key": true,
            "key_name": "andresc-bextsa",
            "key_pair_id": "key-0551ca541d28105d2",
            "key_type": "rsa",
            "public_key": "ssh-rsa AAAAB3NzaC1yc2EAAAADAQABAAABAQDXgfnLVwNr2dea6OUNtDlb/IJLVVmpbj2n9WjitfRzqgrh3CqJXq4fPPg3846/frxWqxwzs+N7JAuvN1ey0XZgTtRcbKQ5aZUO9CHrUeYJTomsUSsfQR1nSvy0KG/VvtrK8m/1heKy+tbZsWkbtylJGEAJ9BTJ0eSIwS+z2Ij3ZnQfKOeutD5w2fCrVepxRzt7PowPsqEB0SF+9qIvyxNX0rxGKjNdt1RzwEeq5iDDDV+PkPtyEstgAPS7UhM6fuipmsNlenQ+mZFz+VpwNA1ftMNUECyi4Z+2LM1X1uuxjmHyjs8NnWf6V643+Hxx3nNGX8cfTxF+ZxojWCrJUUh7 andresc-bextsa\n",
            "tags": {},
            "timeouts": null
          },
          "sensitive_attributes": []
        }
      ]
    },
    {
      "mode": "managed",
      "type": "aws_instance",
      "name": "nginx-server",
      "provider": "provider[\"registry.terraform.io/hashicorp/aws\"]",
      "instances": [
        {
          "schema_version": 1,
          "attributes": {
            "ami": "ami-084568db4383264d4",
            "arn": "arn:aws:ec2:us-east-1:752651630425:instance/i-0c13901f7da9498a3",
            "associate_public_ip_address": true,
            "availability_zone": "us-east-1a",
            "capacity_reservation_specification": [
              {
                "capacity_reservation_preference": "open",
                "capacity_reservation_target": []
              }
            ],
            "cpu_core_count": 1,
            "cpu_options": [
              {
                "amd_sev_snp": "",
                "core_count": 1,
                "threads_per_core": 2
              }
            ],
            "cpu_threads_per_core": 2,
            "credit_specification": [
              {
                "cpu_credits": "unlimited"
              }
            ],
            "disable_api_stop": false,
            "disable_api_termination": false,
            "ebs_block_device": [],
            "ebs_optimized": false,
            "enable_primary_ipv6": null,
            "enclave_options": [
              {
                "enabled": false
              }
            ],
            "ephemeral_block_device": [],
            "get_password_data": false,
            "hibernation": false,
            "host_id": "",
            "host_resource_group_arn": null,
            "iam_instance_profile": "",
            "id": "i-0c13901f7da9498a3",
            "instance_initiated_shutdown_behavior": "stop",
            "instance_lifecycle": "",
            "instance_market_options": [],
            "instance_state": "running",
            "instance_type": "t3.micro",
            "ipv6_address_count": 0,
            "ipv6_addresses": [],
            "key_name": "andresc-bextsa",
            "launch_template": [],
            "maintenance_options": [
              {
                "auto_recovery": "default"
              }
            ],
            "metadata_options": [
              {
                "http_endpoint": "enabled",
                "http_protocol_ipv6": "disabled",
                "http_put_response_hop_limit": 2,
                "http_tokens": "required",
                "instance_metadata_tags": "disabled"
              }
            ],
            "monitoring": false,
            "network_interface": [],
            "outpost_arn": "",
            "password_data": "",
            "placement_group": "",
            "placement_partition_number": 0,
            "primary_network_interface_id": "eni-0d81c46a7d4e9f721",
            "private_dns": "ip-172-31-20-145.ec2.internal",
            "private_dns_name_options": [
              {
                "enable_resource_name_dns_a_record": false,
                "enable_resource_name_dns_aaaa_record": false,
                "hostname_type": "ip-name"
              }
            ],
            "private_ip": "172.31.20.145",
            "public_dns": "ec2-54-197-28-98.compute-1.amazonaws.com",
            "public_ip": "54.197.28.98",
            "root_block_device": [
              {
                "delete_on_termination": true,
                "device_name": "/dev/sda1",
                "encrypted": false,
                "iops": 3000,
                "kms_key_id": "",
                "tags": {},
                "tags_all": {},
                "throughput": 125,
                "volume_id": "vol-0f55d85b20c7a1c9f",
                "volume_size": 8,
                "volume_type": "gp3"
              }
            ],
            "secondary_private_ips": [],
            "security_groups": [
              "default"
            ],
            "source_dest_check": true,
            "spot_instance_request_id": "",
            "subnet_id": "subnet-0a567747f26be30e1",
            "tags": {
              "Name": "PruebaTF",
              "Owner": "andresc",
              "Project": "Terraform-AWS"
            },
            "tags_all": {
              "Name": "PruebaTF",
              "Owner": "andresc",
              "Project": "Terraform-AWS"
            },
            "tenancy": "default",
            "timeouts": null,
            "user_data": "f334153fcb0f7a4b90159167448044d06372307e",
            "user_data_base64": null,
            "user_data_replace_on_change": false,
            "volume_tags": null,
            "vpc_security_group_ids": [
              "sg-0291379267f994605"
            ]
          },
          "sensitive_attributes": [],
          "private": "eyJlMmJmYjczMC1lY2FhLTExZTYtOGY4OC0zNDM2M2JjN2M0YzAiOnsiY3JlYXRlIjo2MDAwMDAwMDAwMDAsImRlbGV0ZSI6MTIwMDAwMDAwMDAwMCwicmVhZCI6OTAwMDAwMDAwMDAwLCJ1cGRhdGUiOjYwMDAwMDAwMDAwMH0sInNjaGVtYV92ZXJzaW9uIjoiMSJ9",
          "dependencies": [
            "data.aws_key_pair.existing_key"
          ]
        }
      ]
    }
  ],
  "check_results": null
}
